
Microsoft Visual Studio Solution File, Format Version 12.00
# Visual Studio Version 17
VisualStudioVersion = 17.11.35327.3
MinimumVisualStudioVersion = 10.0.40219.1
Project("{FAE04EC0-301F-11D3-BF4B-00C04F79EFBC}") = "Tarea - Estructuras dinámicas líneales (Pilas y Colas)", "Tarea - Estructuras dinámicas líneales (Pilas y Colas).csproj", "{F17FB22B-4893-433E-98E7-2CFC56444EA2}"
EndProject
Global
	GlobalSection(SolutionConfigurationPlatforms) = preSolution
		Debug|Any CPU = Debug|Any CPU
		Release|Any CPU = Release|Any CPU
	EndGlobalSection
	GlobalSection(ProjectConfigurationPlatforms) = postSolution
		{F17FB22B-4893-433E-98E7-2CFC56444EA2}.Debug|Any CPU.ActiveCfg = Debug|Any CPU
		{F17FB22B-4893-433E-98E7-2CFC56444EA2}.Debug|Any CPU.Build.0 = Debug|Any CPU
		{F17FB22B-4893-433E-98E7-2CFC56444EA2}.Release|Any CPU.ActiveCfg = Release|Any CPU
		{F17FB22B-4893-433E-98E7-2CFC56444EA2}.Release|Any CPU.Build.0 = Release|Any CPU
	EndGlobalSection
	GlobalSection(SolutionProperties) = preSolution
		HideSolutionNode = FALSE
	EndGlobalSection
	GlobalSection(ExtensibilityGlobals) = postSolution
		SolutionGuid = {99F79E74-58F2-431C-B482-91E3F0246DB1}
	EndGlobalSection
EndGlobal
